Microsoft Visual Studio Solution File, Format Version 12.00
# Visual Studio Version 16
VisualStudioVersion = 16.0.31613.86
MinimumVisualStudioVersion = 10.0.40219.1
Project("{9A19103F-16F7-4668-BE54-9A1E7A4F7556}") = "ReactBlog.Data", "ReactBlog.Data\ReactBlog.Data.csproj", "{149AC3EB-9E13-4F76-A6C8-241C5A376CF6}"
EndProject
Project("{9A19103F-16F7-4668-BE54-9A1E7A4F7556}") = "ReactBlog.Web", "ReactBlog.Web\ReactBlog.Web.csproj", "{B6DCBB48-8A59-442C-AC83-E405A3A8C44B}"
EndProject
Global
	GlobalSection(SolutionConfigurationPlatforms) = preSolution
		Debug|Any CPU = Debug|Any CPU
		Release|Any CPU = Release|Any CPU
	EndGlobalSection
	GlobalSection(ProjectConfigurationPlatforms) = postSolution
		{149AC3EB-9E13-4F76-A6C8-241C5A376CF6}.Debug|Any CPU.ActiveCfg = Debug|Any CPU
		{149AC3EB-9E13-4F76-A6C8-241C5A376CF6}.Debug|Any CPU.Build.0 = Debug|Any CPU
		{149AC3EB-9E13-4F76-A6C8-241C5A376CF6}.Release|Any CPU.ActiveCfg = Release|Any CPU
		{149AC3EB-9E13-4F76-A6C8-241C5A376CF6}.Release|Any CPU.Build.0 = Release|Any CPU
		{B6DCBB48-8A59-442C-AC83-E405A3A8C44B}.Debug|Any CPU.ActiveCfg = Debug|Any CPU
		{B6DCBB48-8A59-442C-AC83-E405A3A8C44B}.Debug|Any CPU.Build.0 = Debug|Any CPU
		{B6DCBB48-8A59-442C-AC83-E405A3A8C44B}.Release|Any CPU.ActiveCfg = Release|Any CPU
		{B6DCBB48-8A59-442C-AC83-E405A3A8C44B}.Release|Any CPU.Build.0 = Release|Any CPU
	EndGlobalSection
	GlobalSection(SolutionProperties) = preSolution
		HideSolutionNode = FALSE
	EndGlobalSection
	GlobalSection(ExtensibilityGlobals) = postSolution
		SolutionGuid = {EE8AAD15-C4C6-4760-9899-16C38763FD73}
	EndGlobalSection
EndGlobal
